// !$*UTF8*$!
{
	archiveVersion = 1;
	classes = {
	};
	objectVersion = 46;
	objects = {

/* Begin PBXBuildFile section */
		B301C6C61E48157C00039C69 /* Texture.cpp in Sources */ = {isa = PBXBuildFile; fileRef = B301C6C41E48157C00039C69 /* Texture.cpp */; };
		B36B1DC41E4C530C006FFE86 /* String.cpp in Sources */ = {isa = PBXBuildFile; fileRef = B36B1DC21E4C530C006FFE86 /* String.cpp */; };
		B36B1DC81E4C5E49006FFE86 /* HashTable.cpp in Sources */ = {isa = PBXBuildFile; fileRef = B36B1DC61E4C5E49006FFE86 /* HashTable.cpp */; };
		B36B1DCB1E4C60FD006FFE86 /* HashNode.cpp in Sources */ = {isa = PBXBuildFile; fileRef = B36B1DC91E4C60FD006FFE86 /* HashNode.cpp */; };
		B36B1DCD1E4C68EA006FFE86 /* DictionaryTest.mm in Sources */ = {isa = PBXBuildFile; fileRef = B36B1DCC1E4C68EA006FFE86 /* DictionaryTest.mm */; };
		B3718A751DF51789000CD5B9 /* KindOfClassTest.mm in Sources */ = {isa = PBXBuildFile; fileRef = B3718A741DF51789000CD5B9 /* KindOfClassTest.mm */; };
		B3718A791DF53B05000CD5B9 /* Transform.cpp in Sources */ = {isa = PBXBuildFile; fileRef = B3718A771DF53B05000CD5B9 /* Transform.cpp */; };
		B3718A861DF54164000CD5B9 /* XYZGameDelegate.cpp in Sources */ = {isa = PBXBuildFile; fileRef = B3718A841DF54164000CD5B9 /* XYZGameDelegate.cpp */; };
		B3718A8A1DF5418A000CD5B9 /* SimpleScene.cpp in Sources */ = {isa = PBXBuildFile; fileRef = B3718A881DF5418A000CD5B9 /* SimpleScene.cpp */; };
		B3718A8E1DF543BE000CD5B9 /* Program.cpp in Sources */ = {isa = PBXBuildFile; fileRef = B3718A8C1DF543BE000CD5B9 /* Program.cpp */; };
		B38581E11E4C4B5700E4F492 /* Data.cpp in Sources */ = {isa = PBXBuildFile; fileRef = B38581DB1E4C4B5700E4F492 /* Data.cpp */; };
		B38581E21E4C4B5700E4F492 /* File.cpp in Sources */ = {isa = PBXBuildFile; fileRef = B38581DE1E4C4B5700E4F492 /* File.cpp */; };
		B38581E51E4C4B6200E4F492 /* Image.cpp in Sources */ = {isa = PBXBuildFile; fileRef = B38581E31E4C4B6200E4F492 /* Image.cpp */; };
		B3A70B991DF50F7E00BC0216 /* Shape.cpp in Sources */ = {isa = PBXBuildFile; fileRef = B3A70B961DF50F7E00BC0216 /* Shape.cpp */; };
		B3EE125C1DEC1BE4009A4A32 /* main.m in Sources */ = {isa = PBXBuildFile; fileRef = B3EE125B1DEC1BE4009A4A32 /* main.m */; };
		B3EE125F1DEC1BE4009A4A32 /* AppDelegate.m in Sources */ = {isa = PBXBuildFile; fileRef = B3EE125E1DEC1BE4009A4A32 /* AppDelegate.m */; };
		B3EE12621DEC1BE4009A4A32 /* ViewController.m in Sources */ = {isa = PBXBuildFile; fileRef = B3EE12611DEC1BE4009A4A32 /* ViewController.m */; };
		B3EE12651DEC1BE4009A4A32 /* Main.storyboard in Resources */ = {isa = PBXBuildFile; fileRef = B3EE12631DEC1BE4009A4A32 /* Main.storyboard */; };
		B3EE12671DEC1BE4009A4A32 /* Assets.xcassets in Resources */ = {isa = PBXBuildFile; fileRef = B3EE12661DEC1BE4009A4A32 /* Assets.xcassets */; };
		B3EE126A1DEC1BE4009A4A32 /* LaunchScreen.storyboard in Resources */ = {isa = PBXBuildFile; fileRef = B3EE12681DEC1BE4009A4A32 /* LaunchScreen.storyboard */; };
		B3EE12751DEC1BE4009A4A32 /* XYZGameEngineTests.m in Sources */ = {isa = PBXBuildFile; fileRef = B3EE12741DEC1BE4009A4A32 /* XYZGameEngineTests.m */; };
		B3EE12881DEC1F45009A4A32 /* GLESProgram.cpp in Sources */ = {isa = PBXBuildFile; fileRef = B3EE12861DEC1F45009A4A32 /* GLESProgram.cpp */; };
		B3EE12F51DEC54DC009A4A32 /* GLESTexture.cpp in Sources */ = {isa = PBXBuildFile; fileRef = B3EE12F31DEC54DC009A4A32 /* GLESTexture.cpp */; };
		B3EE130B1DEC59BE009A4A32 /* XYZGameEngineView.mm in Sources */ = {isa = PBXBuildFile; fileRef = B3EE130A1DEC59BE009A4A32 /* XYZGameEngineView.mm */; };
		B3EE13111DEC5C36009A4A32 /* GLESBuffer.cpp in Sources */ = {isa = PBXBuildFile; fileRef = B3EE130F1DEC5C36009A4A32 /* GLESBuffer.cpp */; };
		B3EE132A1DEC64F8009A4A32 /* Frame.cpp in Sources */ = {isa = PBXBuildFile; fileRef = B3EE131D1DEC64F8009A4A32 /* Frame.cpp */; };
		B3EE132E1DEC64F8009A4A32 /* Scene.cpp in Sources */ = {isa = PBXBuildFile; fileRef = B3EE13281DEC64F8009A4A32 /* Scene.cpp */; };
		B3EE13371DEC7172009A4A32 /* Mesh.cpp in Sources */ = {isa = PBXBuildFile; fileRef = B3EE13341DEC7172009A4A32 /* Mesh.cpp */; };
		B3EE133A1DEC7183009A4A32 /* Conponent.cpp in Sources */ = {isa = PBXBuildFile; fileRef = B3EE13381DEC7183009A4A32 /* Conponent.cpp */; };
		B3EE13451DEC7414009A4A32 /* Object.cpp in Sources */ = {isa = PBXBuildFile; fileRef = B3EE13401DEC7414009A4A32 /* Object.cpp */; };
		B3EE13461DEC7414009A4A32 /* ReleasePool.cpp in Sources */ = {isa = PBXBuildFile; fileRef = B3EE13431DEC7414009A4A32 /* ReleasePool.cpp */; };
		B3EE13491DEC743A009A4A32 /* Array.cpp in Sources */ = {isa = PBXBuildFile; fileRef = B3EE13471DEC743A009A4A32 /* Array.cpp */; };
		B3EE134C1DEC8340009A4A32 /* Dictionary.cpp in Sources */ = {isa = PBXBuildFile; fileRef = B3EE134A1DEC8340009A4A32 /* Dictionary.cpp */; };
		B3EE134F1DED1AF8009A4A32 /* ArrayTest.mm in Sources */ = {isa = PBXBuildFile; fileRef = B3EE134E1DED1AF8009A4A32 /* ArrayTest.mm */; };
		B3EE13521DED24CB009A4A32 /* TestObject.cpp in Sources */ = {isa = PBXBuildFile; fileRef = B3EE13501DED24CB009A4A32 /* TestObject.cpp */; };
		B3EE13551DED49C6009A4A32 /* Cube.cpp in Sources */ = {isa = PBXBuildFile; fileRef = B3EE13531DED49C6009A4A32 /* Cube.cpp */; };
		B3EE13581DED503B009A4A32 /* GLESMesh.cpp in Sources */ = {isa = PBXBuildFile; fileRef = B3EE13561DED503B009A4A32 /* GLESMesh.cpp */; };
		B3EE13621DED5AFF009A4A32 /* GLESMath.cpp in Sources */ = {isa = PBXBuildFile; fileRef = B3EE13611DED5AFF009A4A32 /* GLESMath.cpp */; };
		B3EE13651DED5F3C009A4A32 /* GLESMatrix.cpp in Sources */ = {isa = PBXBuildFile; fileRef = B3EE13631DED5F3C009A4A32 /* GLESMatrix.cpp */; };
		B3EE13681DED6A42009A4A32 /* SkyBox.cpp in Sources */ = {isa = PBXBuildFile; fileRef = B3EE13661DED6A42009A4A32 /* SkyBox.cpp */; };
		B3F832181E4C6FE300E55124 /* Number.cpp in Sources */ = {isa = PBXBuildFile; fileRef = B3F832161E4C6FE300E55124 /* Number.cpp */; };
		B3F832641E4DA2A400E55124 /* libjpeg.a in Frameworks */ = {isa = PBXBuildFile; fileRef = B3F832551E4DA2A400E55124 /* libjpeg.a */; };
		B3F832651E4DA2A400E55124 /* libpng.a in Frameworks */ = {isa = PBXBuildFile; fileRef = B3F8325C1E4DA2A400E55124 /* libpng.a */; };
		B3F832661E4DA2A400E55124 /* libwebp.a in Frameworks */ = {isa = PBXBuildFile; fileRef = B3F832631E4DA2A400E55124 /* libwebp.a */; };
/* End PBXBuildFile section */

/* Begin PBXContainerItemProxy section */
		B3EE12711DEC1BE4009A4A32 /* PBXContainerItemProxy */ = {
			isa = PBXContainerItemProxy;
			containerPortal = B3EE124F1DEC1BE4009A4A32 /* Project object */;
			proxyType = 1;
			remoteGlobalIDString = B3EE12561DEC1BE4009A4A32;
			remoteInfo = XYZGameEngine;
		};
/* End PBXContainerItemProxy section */

/* Begin PBXFileReference section */
		B301C6C41E48157C00039C69 /* Texture.cpp */ = {isa = PBXFileReference; fileEncoding = 4; lastKnownFileType = sourcecode.cpp.cpp; path = Texture.cpp; sourceTree = "<group>"; };
		B301C6C51E48157C00039C69 /* Texture.hpp */ = {isa = PBXFileReference; fileEncoding = 4; lastKnownFileType = sourcecode.cpp.h; path = Texture.hpp; sourceTree = "<group>"; };
		B36B1DC21E4C530C006FFE86 /* String.cpp */ = {isa = PBXFileReference; fileEncoding = 4; lastKnownFileType = sourcecode.cpp.cpp; path = String.cpp; sourceTree = "<group>"; };
		B36B1DC31E4C530C006FFE86 /* String.hpp */ = {isa = PBXFileReference; fileEncoding = 4; lastKnownFileType = sourcecode.cpp.h; path = String.hpp; sourceTree = "<group>"; };
		B36B1DC61E4C5E49006FFE86 /* HashTable.cpp */ = {isa = PBXFileReference; fileEncoding = 4; lastKnownFileType = sourcecode.cpp.cpp; path = HashTable.cpp; sourceTree = "<group>"; };
		B36B1DC71E4C5E49006FFE86 /* HashTable.hpp */ = {isa = PBXFileReference; fileEncoding = 4; lastKnownFileType = sourcecode.cpp.h; path = HashTable.hpp; sourceTree = "<group>"; };
		B36B1DC91E4C60FD006FFE86 /* HashNode.cpp */ = {isa = PBXFileReference; fileEncoding = 4; lastKnownFileType = sourcecode.cpp.cpp; path = HashNode.cpp; sourceTree = "<group>"; };
		B36B1DCA1E4C60FD006FFE86 /* HashNode.hpp */ = {isa = PBXFileReference; fileEncoding = 4; lastKnownFileType = sourcecode.cpp.h; path = HashNode.hpp; sourceTree = "<group>"; };
		B36B1DCC1E4C68EA006FFE86 /* DictionaryTest.mm */ = {isa = PBXFileReference; fileEncoding = 4; lastKnownFileType = sourcecode.cpp.objcpp; path = DictionaryTest.mm; sourceTree = "<group>"; };
		B3718A741DF51789000CD5B9 /* KindOfClassTest.mm */ = {isa = PBXFileReference; fileEncoding = 4; lastKnownFileType = sourcecode.cpp.objcpp; path = KindOfClassTest.mm; sourceTree = "<group>"; };
		B3718A771DF53B05000CD5B9 /* Transform.cpp */ = {isa = PBXFileReference; fileEncoding = 4; lastKnownFileType = sourcecode.cpp.cpp; path = Transform.cpp; sourceTree = "<group>"; };
		B3718A781DF53B05000CD5B9 /* Transform.hpp */ = {isa = PBXFileReference; fileEncoding = 4; lastKnownFileType = sourcecode.cpp.h; path = Transform.hpp; sourceTree = "<group>"; };
		B3718A811DF540D5000CD5B9 /* GameDelegate.hpp */ = {isa = PBXFileReference; fileEncoding = 4; lastKnownFileType = sourcecode.cpp.h; path = GameDelegate.hpp; sourceTree = "<group>"; };
		B3718A841DF54164000CD5B9 /* XYZGameDelegate.cpp */ = {isa = PBXFileReference; fileEncoding = 4; lastKnownFileType = sourcecode.cpp.cpp; path = XYZGameDelegate.cpp; sourceTree = "<group>"; };
		B3718A851DF54164000CD5B9 /* XYZGameDelegate.hpp */ = {isa = PBXFileReference; fileEncoding = 4; lastKnownFileType = sourcecode.cpp.h; path = XYZGameDelegate.hpp; sourceTree = "<group>"; };
		B3718A881DF5418A000CD5B9 /* SimpleScene.cpp */ = {isa = PBXFileReference; fileEncoding = 4; lastKnownFileType = sourcecode.cpp.cpp; path = SimpleScene.cpp; sourceTree = "<group>"; };
		B3718A891DF5418A000CD5B9 /* SimpleScene.hpp */ = {isa = PBXFileReference; fileEncoding = 4; lastKnownFileType = sourcecode.cpp.h; path = SimpleScene.hpp; sourceTree = "<group>"; };
		B3718A8C1DF543BE000CD5B9 /* Program.cpp */ = {isa = PBXFileReference; fileEncoding = 4; lastKnownFileType = sourcecode.cpp.cpp; path = Program.cpp; sourceTree = "<group>"; };
		B3718A8D1DF543BE000CD5B9 /* Program.hpp */ = {isa = PBXFileReference; fileEncoding = 4; lastKnownFileType = sourcecode.cpp.h; path = Program.hpp; sourceTree = "<group>"; };
		B38581DB1E4C4B5700E4F492 /* Data.cpp */ = {isa = PBXFileReference; fileEncoding = 4; lastKnownFileType = sourcecode.cpp.cpp; path = Data.cpp; sourceTree = "<group>"; };
		B38581DC1E4C4B5700E4F492 /* Data.hpp */ = {isa = PBXFileReference; fileEncoding = 4; lastKnownFileType = sourcecode.cpp.h; path = Data.hpp; sourceTree = "<group>"; };
		B38581DE1E4C4B5700E4F492 /* File.cpp */ = {isa = PBXFileReference; fileEncoding = 4; lastKnownFileType = sourcecode.cpp.cpp; path = File.cpp; sourceTree = "<group>"; };
		B38581DF1E4C4B5700E4F492 /* File.hpp */ = {isa = PBXFileReference; fileEncoding = 4; lastKnownFileType = sourcecode.cpp.h; path = File.hpp; sourceTree = "<group>"; };
		B38581E31E4C4B6200E4F492 /* Image.cpp */ = {isa = PBXFileReference; fileEncoding = 4; lastKnownFileType = sourcecode.cpp.cpp; path = Image.cpp; sourceTree = "<group>"; };
		B38581E41E4C4B6200E4F492 /* Image.hpp */ = {isa = PBXFileReference; fileEncoding = 4; lastKnownFileType = sourcecode.cpp.h; path = Image.hpp; sourceTree = "<group>"; };
		B39C2FF61DED85ED003A3859 /* VertextShader.hpp */ = {isa = PBXFileReference; fileEncoding = 4; lastKnownFileType = sourcecode.cpp.h; path = VertextShader.hpp; sourceTree = "<group>"; };
		B39C2FF91DED8638003A3859 /* FragmentShader.hpp */ = {isa = PBXFileReference; fileEncoding = 4; lastKnownFileType = sourcecode.cpp.h; path = FragmentShader.hpp; sourceTree = "<group>"; };
		B3A70B961DF50F7E00BC0216 /* Shape.cpp */ = {isa = PBXFileReference; fileEncoding = 4; lastKnownFileType = sourcecode.cpp.cpp; path = Shape.cpp; sourceTree = "<group>"; };
		B3A70B971DF50F7E00BC0216 /* Shape.hpp */ = {isa = PBXFileReference; fileEncoding = 4; lastKnownFileType = sourcecode.cpp.h; path = Shape.hpp; sourceTree = "<group>"; };
		B3DE6FCF1DF3BB2E004B0315 /* ObjectDefinition.h */ = {isa = PBXFileReference; lastKnownFileType = sourcecode.c.h; path = ObjectDefinition.h; sourceTree = "<group>"; };
		B3EE12571DEC1BE4009A4A32 /* XYZGameEngine.app */ = {isa = PBXFileReference; explicitFileType = wrapper.application; includeInIndex = 0; path = XYZGameEngine.app; sourceTree = BUILT_PRODUCTS_DIR; };
		B3EE125B1DEC1BE4009A4A32 /* main.m */ = {isa = PBXFileReference; lastKnownFileType = sourcecode.c.objc; path = main.m; sourceTree = "<group>"; };
		B3EE125D1DEC1BE4009A4A32 /* AppDelegate.h */ = {isa = PBXFileReference; lastKnownFileType = sourcecode.c.h; path = AppDelegate.h; sourceTree = "<group>"; };
		B3EE125E1DEC1BE4009A4A32 /* AppDelegate.m */ = {isa = PBXFileReference; lastKnownFileType = sourcecode.c.objc; path = AppDelegate.m; sourceTree = "<group>"; };
		B3EE12601DEC1BE4009A4A32 /* ViewController.h */ = {isa = PBXFileReference; lastKnownFileType = sourcecode.c.h; path = ViewController.h; sourceTree = "<group>"; };
		B3EE12611DEC1BE4009A4A32 /* ViewController.m */ = {isa = PBXFileReference; lastKnownFileType = sourcecode.c.objc; path = ViewController.m; sourceTree = "<group>"; };
		B3EE12641DEC1BE4009A4A32 /* Base */ = {isa = PBXFileReference; lastKnownFileType = file.storyboard; name = Base; path = Base.lproj/Main.storyboard; sourceTree = "<group>"; };
		B3EE12661DEC1BE4009A4A32 /* Assets.xcassets */ = {isa = PBXFileReference; lastKnownFileType = folder.assetcatalog; path = Assets.xcassets; sourceTree = "<group>"; };
		B3EE12691DEC1BE4009A4A32 /* Base */ = {isa = PBXFileReference; lastKnownFileType = file.storyboard; name = Base; path = Base.lproj/LaunchScreen.storyboard; sourceTree = "<group>"; };
		B3EE126B1DEC1BE4009A4A32 /* Info.plist */ = {isa = PBXFileReference; lastKnownFileType = text.plist.xml; path = Info.plist; sourceTree = "<group>"; };
		B3EE12701DEC1BE4009A4A32 /* XYZGameEngineTests.xctest */ = {isa = PBXFileReference; explicitFileType = wrapper.cfbundle; includeInIndex = 0; path = XYZGameEngineTests.xctest; sourceTree = BUILT_PRODUCTS_DIR; };
		B3EE12741DEC1BE4009A4A32 /* XYZGameEngineTests.m */ = {isa = PBXFileReference; lastKnownFileType = sourcecode.c.objc; path = XYZGameEngineTests.m; sourceTree = "<group>"; };
		B3EE12761DEC1BE4009A4A32 /* Info.plist */ = {isa = PBXFileReference; lastKnownFileType = text.plist.xml; path = Info.plist; sourceTree = "<group>"; };
		B3EE12861DEC1F45009A4A32 /* GLESProgram.cpp */ = {isa = PBXFileReference; fileEncoding = 4; lastKnownFileType = sourcecode.cpp.cpp; path = GLESProgram.cpp; sourceTree = "<group>"; };
		B3EE12871DEC1F45009A4A32 /* GLESProgram.hpp */ = {isa = PBXFileReference; fileEncoding = 4; lastKnownFileType = sourcecode.cpp.h; path = GLESProgram.hpp; sourceTree = "<group>"; };
		B3EE128D1DEC21E9009A4A32 /* Locker.h */ = {isa = PBXFileReference; lastKnownFileType = sourcecode.c.h; path = Locker.h; sourceTree = "<group>"; };
		B3EE12F31DEC54DC009A4A32 /* GLESTexture.cpp */ = {isa = PBXFileReference; fileEncoding = 4; lastKnownFileType = sourcecode.cpp.cpp; path = GLESTexture.cpp; sourceTree = "<group>"; };
		B3EE12F41DEC54DC009A4A32 /* GLESTexture.hpp */ = {isa = PBXFileReference; fileEncoding = 4; lastKnownFileType = sourcecode.cpp.h; path = GLESTexture.hpp; sourceTree = "<group>"; };
		B3EE12F81DEC5559009A4A32 /* GLESShader.hpp */ = {isa = PBXFileReference; fileEncoding = 4; lastKnownFileType = sourcecode.cpp.h; path = GLESShader.hpp; sourceTree = "<group>"; };
		B3EE13091DEC59BE009A4A32 /* XYZGameEngineView.h */ = {isa = PBXFileReference; fileEncoding = 4; lastKnownFileType = sourcecode.c.h; path = XYZGameEngineView.h; sourceTree = "<group>"; };
		B3EE130A1DEC59BE009A4A32 /* XYZGameEngineView.mm */ = {isa = PBXFileReference; fileEncoding = 4; lastKnownFileType = sourcecode.cpp.objcpp; path = XYZGameEngineView.mm; sourceTree = "<group>"; };
		B3EE130F1DEC5C36009A4A32 /* GLESBuffer.cpp */ = {isa = PBXFileReference; fileEncoding = 4; lastKnownFileType = sourcecode.cpp.cpp; path = GLESBuffer.cpp; sourceTree = "<group>"; };
		B3EE13101DEC5C36009A4A32 /* GLESBuffer.hpp */ = {isa = PBXFileReference; fileEncoding = 4; lastKnownFileType = sourcecode.cpp.h; path = GLESBuffer.hpp; sourceTree = "<group>"; };
		B3EE131D1DEC64F8009A4A32 /* Frame.cpp */ = {isa = PBXFileReference; fileEncoding = 4; lastKnownFileType = sourcecode.cpp.cpp; path = Frame.cpp; sourceTree = "<group>"; };
		B3EE131E1DEC64F8009A4A32 /* Frame.hpp */ = {isa = PBXFileReference; fileEncoding = 4; lastKnownFileType = sourcecode.cpp.h; path = Frame.hpp; sourceTree = "<group>"; };
		B3EE13281DEC64F8009A4A32 /* Scene.cpp */ = {isa = PBXFileReference; fileEncoding = 4; lastKnownFileType = sourcecode.cpp.cpp; path = Scene.cpp; sourceTree = "<group>"; };
		B3EE13291DEC64F8009A4A32 /* Scene.hpp */ = {isa = PBXFileReference; fileEncoding = 4; lastKnownFileType = sourcecode.cpp.h; path = Scene.hpp; sourceTree = "<group>"; };
		B3EE13341DEC7172009A4A32 /* Mesh.cpp */ = {isa = PBXFileReference; fileEncoding = 4; lastKnownFileType = sourcecode.cpp.cpp; path = Mesh.cpp; sourceTree = "<group>"; };
		B3EE13351DEC7172009A4A32 /* Mesh.hpp */ = {isa = PBXFileReference; fileEncoding = 4; lastKnownFileType = sourcecode.cpp.h; path = Mesh.hpp; sourceTree = "<group>"; };
		B3EE13381DEC7183009A4A32 /* Conponent.cpp */ = {isa = PBXFileReference; fileEncoding = 4; lastKnownFileType = sourcecode.cpp.cpp; path = Conponent.cpp; sourceTree = "<group>"; };
		B3EE13391DEC7183009A4A32 /* Conponent.hpp */ = {isa = PBXFileReference; fileEncoding = 4; lastKnownFileType = sourcecode.cpp.h; path = Conponent.hpp; sourceTree = "<group>"; };
		B3EE13401DEC7414009A4A32 /* Object.cpp */ = {isa = PBXFileReference; fileEncoding = 4; lastKnownFileType = sourcecode.cpp.cpp; path = Object.cpp; sourceTree = "<group>"; };
		B3EE13411DEC7414009A4A32 /* Object.hpp */ = {isa = PBXFileReference; fileEncoding = 4; lastKnownFileType = sourcecode.cpp.h; path = Object.hpp; sourceTree = "<group>"; };
		B3EE13431DEC7414009A4A32 /* ReleasePool.cpp */ = {isa = PBXFileReference; fileEncoding = 4; lastKnownFileType = sourcecode.cpp.cpp; path = ReleasePool.cpp; sourceTree = "<group>"; };
		B3EE13441DEC7414009A4A32 /* ReleasePool.hpp */ = {isa = PBXFileReference; fileEncoding = 4; lastKnownFileType = sourcecode.cpp.h; path = ReleasePool.hpp; sourceTree = "<group>"; };
		B3EE13471DEC743A009A4A32 /* Array.cpp */ = {isa = PBXFileReference; fileEncoding = 4; lastKnownFileType = sourcecode.cpp.cpp; path = Array.cpp; sourceTree = "<group>"; };
		B3EE13481DEC743A009A4A32 /* Array.hpp */ = {isa = PBXFileReference; fileEncoding = 4; lastKnownFileType = sourcecode.cpp.h; path = Array.hpp; sourceTree = "<group>"; };
		B3EE134A1DEC8340009A4A32 /* Dictionary.cpp */ = {isa = PBXFileReference; fileEncoding = 4; lastKnownFileType = sourcecode.cpp.cpp; path = Dictionary.cpp; sourceTree = "<group>"; };
		B3EE134B1DEC8340009A4A32 /* Dictionary.hpp */ = {isa = PBXFileReference; fileEncoding = 4; lastKnownFileType = sourcecode.cpp.h; path = Dictionary.hpp; sourceTree = "<group>"; };
		B3EE134E1DED1AF8009A4A32 /* ArrayTest.mm */ = {isa = PBXFileReference; fileEncoding = 4; lastKnownFileType = sourcecode.cpp.objcpp; path = ArrayTest.mm; sourceTree = "<group>"; };
		B3EE13501DED24CB009A4A32 /* TestObject.cpp */ = {isa = PBXFileReference; fileEncoding = 4; lastKnownFileType = sourcecode.cpp.cpp; path = TestObject.cpp; sourceTree = "<group>"; };
		B3EE13511DED24CB009A4A32 /* TestObject.hpp */ = {isa = PBXFileReference; fileEncoding = 4; lastKnownFileType = sourcecode.cpp.h; path = TestObject.hpp; sourceTree = "<group>"; };
		B3EE13531DED49C6009A4A32 /* Cube.cpp */ = {isa = PBXFileReference; fileEncoding = 4; lastKnownFileType = sourcecode.cpp.cpp; path = Cube.cpp; sourceTree = "<group>"; };
		B3EE13541DED49C6009A4A32 /* Cube.hpp */ = {isa = PBXFileReference; fileEncoding = 4; lastKnownFileType = sourcecode.cpp.h; path = Cube.hpp; sourceTree = "<group>"; };
		B3EE13561DED503B009A4A32 /* GLESMesh.cpp */ = {isa = PBXFileReference; fileEncoding = 4; lastKnownFileType = sourcecode.cpp.cpp; path = GLESMesh.cpp; sourceTree = "<group>"; };
		B3EE13571DED503B009A4A32 /* GLESMesh.hpp */ = {isa = PBXFileReference; fileEncoding = 4; lastKnownFileType = sourcecode.cpp.h; path = GLESMesh.hpp; sourceTree = "<group>"; };
		B3EE13601DED5AFF009A4A32 /* GLESMath.hpp */ = {isa = PBXFileReference; fileEncoding = 4; lastKnownFileType = sourcecode.cpp.h; path = GLESMath.hpp; sourceTree = "<group>"; };
		B3EE13611DED5AFF009A4A32 /* GLESMath.cpp */ = {isa = PBXFileReference; fileEncoding = 4; lastKnownFileType = sourcecode.cpp.cpp; path = GLESMath.cpp; sourceTree = "<group>"; };
		B3EE13631DED5F3C009A4A32 /* GLESMatrix.cpp */ = {isa = PBXFileReference; fileEncoding = 4; lastKnownFileType = sourcecode.cpp.cpp; path = GLESMatrix.cpp; sourceTree = "<group>"; };
		B3EE13641DED5F3C009A4A32 /* GLESMatrix.hpp */ = {isa = PBXFileReference; fileEncoding = 4; lastKnownFileType = sourcecode.cpp.h; path = GLESMatrix.hpp; sourceTree = "<group>"; };
		B3EE13661DED6A42009A4A32 /* SkyBox.cpp */ = {isa = PBXFileReference; fileEncoding = 4; lastKnownFileType = sourcecode.cpp.cpp; path = SkyBox.cpp; sourceTree = "<group>"; };
		B3EE13671DED6A42009A4A32 /* SkyBox.hpp */ = {isa = PBXFileReference; fileEncoding = 4; lastKnownFileType = sourcecode.cpp.h; path = SkyBox.hpp; sourceTree = "<group>"; };
		B3F832161E4C6FE300E55124 /* Number.cpp */ = {isa = PBXFileReference; fileEncoding = 4; lastKnownFileType = sourcecode.cpp.cpp; path = Number.cpp; sourceTree = "<group>"; };
		B3F832171E4C6FE300E55124 /* Number.hpp */ = {isa = PBXFileReference; fileEncoding = 4; lastKnownFileType = sourcecode.cpp.h; path = Number.hpp; sourceTree = "<group>"; };
		B3F832501E4DA2A400E55124 /* jconfig.h */ = {isa = PBXFileReference; fileEncoding = 4; lastKnownFileType = sourcecode.c.h; path = jconfig.h; sourceTree = "<group>"; };
		B3F832511E4DA2A400E55124 /* jerror.h */ = {isa = PBXFileReference; fileEncoding = 4; lastKnownFileType = sourcecode.c.h; path = jerror.h; sourceTree = "<group>"; };
		B3F832521E4DA2A400E55124 /* jmorecfg.h */ = {isa = PBXFileReference; fileEncoding = 4; lastKnownFileType = sourcecode.c.h; path = jmorecfg.h; sourceTree = "<group>"; };
		B3F832531E4DA2A400E55124 /* jpeglib.h */ = {isa = PBXFileReference; fileEncoding = 4; lastKnownFileType = sourcecode.c.h; path = jpeglib.h; sourceTree = "<group>"; };
		B3F832551E4DA2A400E55124 /* libjpeg.a */ = {isa = PBXFileReference; lastKnownFileType = archive.ar; path = libjpeg.a; sourceTree = "<group>"; };
		B3F832581E4DA2A400E55124 /* png.h */ = {isa = PBXFileReference; fileEncoding = 4; lastKnownFileType = sourcecode.c.h; path = png.h; sourceTree = "<group>"; };
		B3F832591E4DA2A400E55124 /* pngconf.h */ = {isa = PBXFileReference; fileEncoding = 4; lastKnownFileType = sourcecode.c.h; path = pngconf.h; sourceTree = "<group>"; };
		B3F8325A1E4DA2A400E55124 /* pnglibconf.h */ = {isa = PBXFileReference; fileEncoding = 4; lastKnownFileType = sourcecode.c.h; path = pnglibconf.h; sourceTree = "<group>"; };
		B3F8325C1E4DA2A400E55124 /* libpng.a */ = {isa = PBXFileReference; lastKnownFileType = archive.ar; path = libpng.a; sourceTree = "<group>"; };
		B3F8325F1E4DA2A400E55124 /* decode.h */ = {isa = PBXFileReference; fileEncoding = 4; lastKnownFileType = sourcecode.c.h; path = decode.h; sourceTree = "<group>"; };
		B3F832601E4DA2A400E55124 /* encode.h */ = {isa = PBXFileReference; fileEncoding = 4; lastKnownFileType = sourcecode.c.h; path = encode.h; sourceTree = "<group>"; };
		B3F832611E4DA2A400E55124 /* types.h */ = {isa = PBXFileReference; fileEncoding = 4; lastKnownFileType = sourcecode.c.h; path = types.h; sourceTree = "<group>"; };
		B3F832631E4DA2A400E55124 /* libwebp.a */ = {isa = PBXFileReference; lastKnownFileType = archive.ar; path = libwebp.a; sourceTree = "<group>"; };
/* End PBXFileReference section */

/* Begin PBXFrameworksBuildPhase section */
		B3EE12541DEC1BE4009A4A32 /* Frameworks */ = {
			isa = PBXFrameworksBuildPhase;
			buildActionMask = 2147483647;
			files = (
				B3F832641E4DA2A400E55124 /* libjpeg.a in Frameworks */,
				B3F832651E4DA2A400E55124 /* libpng.a in Frameworks */,
				B3F832661E4DA2A400E55124 /* libwebp.a in Frameworks */,
			);
			runOnlyForDeploymentPostprocessing = 0;
		};
		B3EE126D1DEC1BE4009A4A32 /* Frameworks */ = {
			isa = PBXFrameworksBuildPhase;
			buildActionMask = 2147483647;
			files = (
			);
			runOnlyForDeploymentPostprocessing = 0;
		};
/* End PBXFrameworksBuildPhase section */

/* Begin PBXGroup section */
		B301C6C31E48156600039C69 /* Texture */ = {
			isa = PBXGroup;
			children = (
				B301C6C41E48157C00039C69 /* Texture.cpp */,
				B301C6C51E48157C00039C69 /* Texture.hpp */,
			);
			path = Texture;
			sourceTree = "<group>";
		};
		B36B1DC11E4C5304006FFE86 /* String */ = {
			isa = PBXGroup;
			children = (
				B36B1DC21E4C530C006FFE86 /* String.cpp */,
				B36B1DC31E4C530C006FFE86 /* String.hpp */,
			);
			path = String;
			sourceTree = "<group>";
		};
		B36B1DC51E4C5E3F006FFE86 /* HashTable */ = {
			isa = PBXGroup;
			children = (
				B36B1DC61E4C5E49006FFE86 /* HashTable.cpp */,
				B36B1DC71E4C5E49006FFE86 /* HashTable.hpp */,
				B36B1DC91E4C60FD006FFE86 /* HashNode.cpp */,
				B36B1DCA1E4C60FD006FFE86 /* HashNode.hpp */,
			);
			name = HashTable;
			path = Collection/HashTable;
			sourceTree = "<group>";
		};
		B3718A761DF53AEA000CD5B9 /* Transform */ = {
			isa = PBXGroup;
			children = (
				B3718A771DF53B05000CD5B9 /* Transform.cpp */,
				B3718A781DF53B05000CD5B9 /* Transform.hpp */,
			);
			path = Transform;
			sourceTree = "<group>";
		};
		B3718A7A1DF540BF000CD5B9 /* Main */ = {
			isa = PBXGroup;
			children = (
				B3718A811DF540D5000CD5B9 /* GameDelegate.hpp */,
			);
			path = Main;
			sourceTree = "<group>";
		};
		B3718A831DF54164000CD5B9 /* GameDelegate */ = {
			isa = PBXGroup;
			children = (
				B3718A841DF54164000CD5B9 /* XYZGameDelegate.cpp */,
				B3718A851DF54164000CD5B9 /* XYZGameDelegate.hpp */,
			);
			path = GameDelegate;
			sourceTree = "<group>";
		};
		B3718A871DF5417D000CD5B9 /* GameScene */ = {
			isa = PBXGroup;
			children = (
				B3718A881DF5418A000CD5B9 /* SimpleScene.cpp */,
				B3718A891DF5418A000CD5B9 /* SimpleScene.hpp */,
			);
			path = GameScene;
			sourceTree = "<group>";
		};
		B3718A8B1DF543B4000CD5B9 /* Program */ = {
			isa = PBXGroup;
			children = (
				B3718A8C1DF543BE000CD5B9 /* Program.cpp */,
				B3718A8D1DF543BE000CD5B9 /* Program.hpp */,
			);
			path = Program;
			sourceTree = "<group>";
		};
		B38581D91E4C4B5700E4F492 /* FileIO */ = {
			isa = PBXGroup;
			children = (
				B38581DA1E4C4B5700E4F492 /* Data */,
				B38581DD1E4C4B5700E4F492 /* File */,
				B38581E01E4C4B5700E4F492 /* Image */,
			);
			path = FileIO;
			sourceTree = "<group>";
		};
		B38581DA1E4C4B5700E4F492 /* Data */ = {
			isa = PBXGroup;
			children = (
				B38581DB1E4C4B5700E4F492 /* Data.cpp */,
				B38581DC1E4C4B5700E4F492 /* Data.hpp */,
			);
			path = Data;
			sourceTree = "<group>";
		};
		B38581DD1E4C4B5700E4F492 /* File */ = {
			isa = PBXGroup;
			children = (
				B38581DE1E4C4B5700E4F492 /* File.cpp */,
				B38581DF1E4C4B5700E4F492 /* File.hpp */,
			);
			path = File;
			sourceTree = "<group>";
		};
		B38581E01E4C4B5700E4F492 /* Image */ = {
			isa = PBXGroup;
			children = (
				B3F8324E1E4DA2A400E55124 /* JPEG */,
				B3F832561E4DA2A400E55124 /* PNG */,
				B3F8325D1E4DA2A400E55124 /* WEBP */,
				B38581E31E4C4B6200E4F492 /* Image.cpp */,
				B38581E41E4C4B6200E4F492 /* Image.hpp */,
			);
			path = Image;
			sourceTree = "<group>";
		};
		B3A70B951DF50F7E00BC0216 /* Shape */ = {
			isa = PBXGroup;
			children = (
				B3A70B961DF50F7E00BC0216 /* Shape.cpp */,
				B3A70B971DF50F7E00BC0216 /* Shape.hpp */,
			);
			path = Shape;
			sourceTree = "<group>";
		};
		B3EE124E1DEC1BE4009A4A32 = {
			isa = PBXGroup;
			children = (
				B3EE12591DEC1BE4009A4A32 /* XYZGameEngine */,
				B3EE12731DEC1BE4009A4A32 /* XYZGameEngineTests */,
				B3EE12581DEC1BE4009A4A32 /* Products */,
			);
			sourceTree = "<group>";
		};
		B3EE12581DEC1BE4009A4A32 /* Products */ = {
			isa = PBXGroup;
			children = (
				B3EE12571DEC1BE4009A4A32 /* XYZGameEngine.app */,
				B3EE12701DEC1BE4009A4A32 /* XYZGameEngineTests.xctest */,
			);
			name = Products;
			sourceTree = "<group>";
		};
		B3EE12591DEC1BE4009A4A32 /* XYZGameEngine */ = {
			isa = PBXGroup;
			children = (
				B3718A871DF5417D000CD5B9 /* GameScene */,
				B3718A831DF54164000CD5B9 /* GameDelegate */,
				B3EE134D1DED1AE1009A4A32 /* UnitTest */,
				B3EE12831DEC1F45009A4A32 /* Engine */,
				B3EE125D1DEC1BE4009A4A32 /* AppDelegate.h */,
				B3EE125E1DEC1BE4009A4A32 /* AppDelegate.m */,
				B3EE12601DEC1BE4009A4A32 /* ViewController.h */,
				B3EE12611DEC1BE4009A4A32 /* ViewController.m */,
				B3EE12631DEC1BE4009A4A32 /* Main.storyboard */,
				B3EE12661DEC1BE4009A4A32 /* Assets.xcassets */,
				B3EE12681DEC1BE4009A4A32 /* LaunchScreen.storyboard */,
				B3EE126B1DEC1BE4009A4A32 /* Info.plist */,
				B3EE125A1DEC1BE4009A4A32 /* Supporting Files */,
			);
			path = XYZGameEngine;
			sourceTree = "<group>";
		};
		B3EE125A1DEC1BE4009A4A32 /* Supporting Files */ = {
			isa = PBXGroup;
			children = (
				B3EE125B1DEC1BE4009A4A32 /* main.m */,
			);
			name = "Supporting Files";
			sourceTree = "<group>";
		};
		B3EE12731DEC1BE4009A4A32 /* XYZGameEngineTests */ = {
			isa = PBXGroup;
			children = (
				B3EE12741DEC1BE4009A4A32 /* XYZGameEngineTests.m */,
				B3EE12761DEC1BE4009A4A32 /* Info.plist */,
			);
			path = XYZGameEngineTests;
			sourceTree = "<group>";
		};
		B3EE12831DEC1F45009A4A32 /* Engine */ = {
			isa = PBXGroup;
			children = (
				B3718A7A1DF540BF000CD5B9 /* Main */,
				B3EE133B1DEC7414009A4A32 /* Base */,
				B3EE131B1DEC64F8009A4A32 /* Game */,
				B3EE13071DEC59BE009A4A32 /* Platform */,
				B3EE128C1DEC21DF009A4A32 /* Locker */,
				B3EE12851DEC1F45009A4A32 /* Core */,
			);
			path = Engine;
			sourceTree = "<group>";
		};
		B3EE12851DEC1F45009A4A32 /* Core */ = {
			isa = PBXGroup;
			children = (
				B3EE135F1DED5AEE009A4A32 /* Math */,
				B3EE12F61DEC554C009A4A32 /* Shader */,
				B3EE12861DEC1F45009A4A32 /* GLESProgram.cpp */,
				B3EE12871DEC1F45009A4A32 /* GLESProgram.hpp */,
				B3EE12F31DEC54DC009A4A32 /* GLESTexture.cpp */,
				B3EE12F41DEC54DC009A4A32 /* GLESTexture.hpp */,
				B3EE130F1DEC5C36009A4A32 /* GLESBuffer.cpp */,
				B3EE13101DEC5C36009A4A32 /* GLESBuffer.hpp */,
				B3EE13561DED503B009A4A32 /* GLESMesh.cpp */,
				B3EE13571DED503B009A4A32 /* GLESMesh.hpp */,
				B3EE13631DED5F3C009A4A32 /* GLESMatrix.cpp */,
				B3EE13641DED5F3C009A4A32 /* GLESMatrix.hpp */,
			);
			path = Core;
			sourceTree = "<group>";
		};
		B3EE128C1DEC21DF009A4A32 /* Locker */ = {
			isa = PBXGroup;
			children = (
				B3EE128D1DEC21E9009A4A32 /* Locker.h */,
			);
			path = Locker;
			sourceTree = "<group>";
		};
		B3EE12F61DEC554C009A4A32 /* Shader */ = {
			isa = PBXGroup;
			children = (
				B3EE12F81DEC5559009A4A32 /* GLESShader.hpp */,
				B39C2FF61DED85ED003A3859 /* VertextShader.hpp */,
				B39C2FF91DED8638003A3859 /* FragmentShader.hpp */,
			);
			path = Shader;
			sourceTree = "<group>";
		};
		B3EE13071DEC59BE009A4A32 /* Platform */ = {
			isa = PBXGroup;
			children = (
				B3EE13081DEC59BE009A4A32 /* iOS */,
			);
			path = Platform;
			sourceTree = "<group>";
		};
		B3EE13081DEC59BE009A4A32 /* iOS */ = {
			isa = PBXGroup;
			children = (
				B3EE13091DEC59BE009A4A32 /* XYZGameEngineView.h */,
				B3EE130A1DEC59BE009A4A32 /* XYZGameEngineView.mm */,
			);
			path = iOS;
			sourceTree = "<group>";
		};
		B3EE131B1DEC64F8009A4A32 /* Game */ = {
			isa = PBXGroup;
			children = (
				B3A70B951DF50F7E00BC0216 /* Shape */,
				B3EE132F1DEC7172009A4A32 /* Components */,
				B3EE131C1DEC64F8009A4A32 /* Frame */,
				B3EE13271DEC64F8009A4A32 /* Scene */,
			);
			path = Game;
			sourceTree = "<group>";
		};
		B3EE131C1DEC64F8009A4A32 /* Frame */ = {
			isa = PBXGroup;
			children = (
				B3EE131D1DEC64F8009A4A32 /* Frame.cpp */,
				B3EE131E1DEC64F8009A4A32 /* Frame.hpp */,
			);
			path = Frame;
			sourceTree = "<group>";
		};
		B3EE13271DEC64F8009A4A32 /* Scene */ = {
			isa = PBXGroup;
			children = (
				B3EE13281DEC64F8009A4A32 /* Scene.cpp */,
				B3EE13291DEC64F8009A4A32 /* Scene.hpp */,
			);
			path = Scene;
			sourceTree = "<group>";
		};
		B3EE132F1DEC7172009A4A32 /* Components */ = {
			isa = PBXGroup;
			children = (
				B3718A8B1DF543B4000CD5B9 /* Program */,
				B3718A761DF53AEA000CD5B9 /* Transform */,
				B3EE13301DEC7172009A4A32 /* Conponent */,
				B3EE13311DEC7172009A4A32 /* Mesh */,
			);
			path = Components;
			sourceTree = "<group>";
		};
		B3EE13301DEC7172009A4A32 /* Conponent */ = {
			isa = PBXGroup;
			children = (
				B3EE13381DEC7183009A4A32 /* Conponent.cpp */,
				B3EE13391DEC7183009A4A32 /* Conponent.hpp */,
			);
			path = Conponent;
			sourceTree = "<group>";
		};
		B3EE13311DEC7172009A4A32 /* Mesh */ = {
			isa = PBXGroup;
			children = (
				B301C6C31E48156600039C69 /* Texture */,
				B3EE13341DEC7172009A4A32 /* Mesh.cpp */,
				B3EE13351DEC7172009A4A32 /* Mesh.hpp */,
				B3EE13531DED49C6009A4A32 /* Cube.cpp */,
				B3EE13541DED49C6009A4A32 /* Cube.hpp */,
				B3EE13661DED6A42009A4A32 /* SkyBox.cpp */,
				B3EE13671DED6A42009A4A32 /* SkyBox.hpp */,
			);
			path = Mesh;
			sourceTree = "<group>";
		};
		B3EE133B1DEC7414009A4A32 /* Base */ = {
			isa = PBXGroup;
			children = (
				B3F832151E4C6FD800E55124 /* Number */,
				B36B1DC51E4C5E3F006FFE86 /* HashTable */,
				B38581D91E4C4B5700E4F492 /* FileIO */,
				B3EE133C1DEC7414009A4A32 /* Collection */,
				B3EE133F1DEC7414009A4A32 /* Object */,
				B3EE13421DEC7414009A4A32 /* ReleasePool */,
			);
			path = Base;
			sourceTree = "<group>";
		};
		B3EE133C1DEC7414009A4A32 /* Collection */ = {
			isa = PBXGroup;
			children = (
				B36B1DC11E4C5304006FFE86 /* String */,
				B3EE133D1DEC7414009A4A32 /* Array */,
				B3EE133E1DEC7414009A4A32 /* Dictionary */,
			);
			path = Collection;
			sourceTree = "<group>";
		};
		B3EE133D1DEC7414009A4A32 /* Array */ = {
			isa = PBXGroup;
			children = (
				B3EE13471DEC743A009A4A32 /* Array.cpp */,
				B3EE13481DEC743A009A4A32 /* Array.hpp */,
			);
			path = Array;
			sourceTree = "<group>";
		};
		B3EE133E1DEC7414009A4A32 /* Dictionary */ = {
			isa = PBXGroup;
			children = (
				B3EE134A1DEC8340009A4A32 /* Dictionary.cpp */,
				B3EE134B1DEC8340009A4A32 /* Dictionary.hpp */,
			);
			path = Dictionary;
			sourceTree = "<group>";
		};
		B3EE133F1DEC7414009A4A32 /* Object */ = {
			isa = PBXGroup;
			children = (
				B3EE13401DEC7414009A4A32 /* Object.cpp */,
				B3EE13411DEC7414009A4A32 /* Object.hpp */,
				B3DE6FCF1DF3BB2E004B0315 /* ObjectDefinition.h */,
			);
			path = Object;
			sourceTree = "<group>";
		};
		B3EE13421DEC7414009A4A32 /* ReleasePool */ = {
			isa = PBXGroup;
			children = (
				B3EE13431DEC7414009A4A32 /* ReleasePool.cpp */,
				B3EE13441DEC7414009A4A32 /* ReleasePool.hpp */,
			);
			path = ReleasePool;
			sourceTree = "<group>";
		};
		B3EE134D1DED1AE1009A4A32 /* UnitTest */ = {
			isa = PBXGroup;
			children = (
				B3EE134E1DED1AF8009A4A32 /* ArrayTest.mm */,
				B3EE13501DED24CB009A4A32 /* TestObject.cpp */,
				B3EE13511DED24CB009A4A32 /* TestObject.hpp */,
				B3718A741DF51789000CD5B9 /* KindOfClassTest.mm */,
				B36B1DCC1E4C68EA006FFE86 /* DictionaryTest.mm */,
			);
			path = UnitTest;
			sourceTree = "<group>";
		};
		B3EE135F1DED5AEE009A4A32 /* Math */ = {
			isa = PBXGroup;
			children = (
				B3EE13601DED5AFF009A4A32 /* GLESMath.hpp */,
				B3EE13611DED5AFF009A4A32 /* GLESMath.cpp */,
			);
			path = Math;
			sourceTree = "<group>";
		};
		B3F832151E4C6FD800E55124 /* Number */ = {
			isa = PBXGroup;
			children = (
				B3F832161E4C6FE300E55124 /* Number.cpp */,
				B3F832171E4C6FE300E55124 /* Number.hpp */,
			);
			name = Number;
			path = Collection/Number;
			sourceTree = "<group>";
		};
		B3F8324E1E4DA2A400E55124 /* JPEG */ = {
			isa = PBXGroup;
			children = (
				B3F8324F1E4DA2A400E55124 /* include */,
				B3F832541E4DA2A400E55124 /* lib */,
			);
			path = JPEG;
			sourceTree = "<group>";
		};
		B3F8324F1E4DA2A400E55124 /* include */ = {
			isa = PBXGroup;
			children = (
				B3F832501E4DA2A400E55124 /* jconfig.h */,
				B3F832511E4DA2A400E55124 /* jerror.h */,
				B3F832521E4DA2A400E55124 /* jmorecfg.h */,
				B3F832531E4DA2A400E55124 /* jpeglib.h */,
			);
			path = include;
			sourceTree = "<group>";
		};
		B3F832541E4DA2A400E55124 /* lib */ = {
			isa = PBXGroup;
			children = (
				B3F832551E4DA2A400E55124 /* libjpeg.a */,
			);
			path = lib;
			sourceTree = "<group>";
		};
		B3F832561E4DA2A400E55124 /* PNG */ = {
			isa = PBXGroup;
			children = (
				B3F832571E4DA2A400E55124 /* include */,
				B3F8325B1E4DA2A400E55124 /* lib */,
			);
			path = PNG;
			sourceTree = "<group>";
		};
		B3F832571E4DA2A400E55124 /* include */ = {
			isa = PBXGroup;
			children = (
				B3F832581E4DA2A400E55124 /* png.h */,
				B3F832591E4DA2A400E55124 /* pngconf.h */,
				B3F8325A1E4DA2A400E55124 /* pnglibconf.h */,
			);
			path = include;
			sourceTree = "<group>";
		};
		B3F8325B1E4DA2A400E55124 /* lib */ = {
			isa = PBXGroup;
			children = (
				B3F8325C1E4DA2A400E55124 /* libpng.a */,
			);
			path = lib;
			sourceTree = "<group>";
		};
		B3F8325D1E4DA2A400E55124 /* WEBP */ = {
			isa = PBXGroup;
			children = (
				B3F8325E1E4DA2A400E55124 /* include */,
				B3F832621E4DA2A400E55124 /* lib */,
			);
			path = WEBP;
			sourceTree = "<group>";
		};
		B3F8325E1E4DA2A400E55124 /* include */ = {
			isa = PBXGroup;
			children = (
				B3F8325F1E4DA2A400E55124 /* decode.h */,
				B3F832601E4DA2A400E55124 /* encode.h */,
				B3F832611E4DA2A400E55124 /* types.h */,
			);
			path = include;
			sourceTree = "<group>";
		};
		B3F832621E4DA2A400E55124 /* lib */ = {
			isa = PBXGroup;
			children = (
				B3F832631E4DA2A400E55124 /* libwebp.a */,
			);
			path = lib;
			sourceTree = "<group>";
		};
/* End PBXGroup section */

/* Begin PBXNativeTarget section */
		B3EE12561DEC1BE4009A4A32 /* XYZGameEngine */ = {
			isa = PBXNativeTarget;
			buildConfigurationList = B3EE12791DEC1BE4009A4A32 /* Build configuration list for PBXNativeTarget "XYZGameEngine" */;
			buildPhases = (
				B3EE12531DEC1BE4009A4A32 /* Sources */,
				B3EE12541DEC1BE4009A4A32 /* Frameworks */,
				B3EE12551DEC1BE4009A4A32 /* Resources */,
			);
			buildRules = (
			);
			dependencies = (
			);
			name = XYZGameEngine;
			productName = XYZGameEngine;
			productReference = B3EE12571DEC1BE4009A4A32 /* XYZGameEngine.app */;
			productType = "com.apple.product-type.application";
		};
		B3EE126F1DEC1BE4009A4A32 /* XYZGameEngineTests */ = {
			isa = PBXNativeTarget;
			buildConfigurationList = B3EE127C1DEC1BE4009A4A32 /* Build configuration list for PBXNativeTarget "XYZGameEngineTests" */;
			buildPhases = (
				B3EE126C1DEC1BE4009A4A32 /* Sources */,
				B3EE126D1DEC1BE4009A4A32 /* Frameworks */,
				B3EE126E1DEC1BE4009A4A32 /* Resources */,
			);
			buildRules = (
			);
			dependencies = (
				B3EE12721DEC1BE4009A4A32 /* PBXTargetDependency */,
			);
			name = XYZGameEngineTests;
			productName = XYZGameEngineTests;
			productReference = B3EE12701DEC1BE4009A4A32 /* XYZGameEngineTests.xctest */;
			productType = "com.apple.product-type.bundle.unit-test";
		};
/* End PBXNativeTarget section */

/* Begin PBXProject section */
		B3EE124F1DEC1BE4009A4A32 /* Project object */ = {
			isa = PBXProject;
			attributes = {
				LastUpgradeCheck = 0800;
				ORGANIZATIONNAME = Leo;
				TargetAttributes = {
					B3EE12561DEC1BE4009A4A32 = {
						CreatedOnToolsVersion = 8.0;
						DevelopmentTeam = S8NDN9759A;
						ProvisioningStyle = Automatic;
					};
					B3EE126F1DEC1BE4009A4A32 = {
						CreatedOnToolsVersion = 8.0;
						DevelopmentTeam = S8NDN9759A;
						ProvisioningStyle = Automatic;
						TestTargetID = B3EE12561DEC1BE4009A4A32;
					};
				};
			};
			buildConfigurationList = B3EE12521DEC1BE4009A4A32 /* Build configuration list for PBXProject "XYZGameEngine" */;
			compatibilityVersion = "Xcode 3.2";
			developmentRegion = English;
			hasScannedForEncodings = 0;
			knownRegions = (
				en,
				Base,
			);
			mainGroup = B3EE124E1DEC1BE4009A4A32;
			productRefGroup = B3EE12581DEC1BE4009A4A32 /* Products */;
			projectDirPath = "";
			projectRoot = "";
			targets = (
				B3EE12561DEC1BE4009A4A32 /* XYZGameEngine */,
				B3EE126F1DEC1BE4009A4A32 /* XYZGameEngineTests */,
			);
		};
/* End PBXProject section */

/* Begin PBXResourcesBuildPhase section */
		B3EE12551DEC1BE4009A4A32 /* Resources */ = {
			isa = PBXResourcesBuildPhase;
			buildActionMask = 2147483647;
			files = (
				B3EE126A1DEC1BE4009A4A32 /* LaunchScreen.storyboard in Resources */,
				B3EE12671DEC1BE4009A4A32 /* Assets.xcassets in Resources */,
				B3EE12651DEC1BE4009A4A32 /* Main.storyboard in Resources */,
			);
			runOnlyForDeploymentPostprocessing = 0;
		};
		B3EE126E1DEC1BE4009A4A32 /* Resources */ = {
			isa = PBXResourcesBuildPhase;
			buildActionMask = 2147483647;
			files = (
			);
			runOnlyForDeploymentPostprocessing = 0;
		};
/* End PBXResourcesBuildPhase section */

/* Begin PBXSourcesBuildPhase section */
		B3EE12531DEC1BE4009A4A32 /* Sources */ = {
			isa = PBXSourcesBuildPhase;
			buildActionMask = 2147483647;
			files = (
				B3EE13551DED49C6009A4A32 /* Cube.cpp in Sources */,
				B3EE134C1DEC8340009A4A32 /* Dictionary.cpp in Sources */,
				B3EE13681DED6A42009A4A32 /* SkyBox.cpp in Sources */,
				B3718A8A1DF5418A000CD5B9 /* SimpleScene.cpp in Sources */,
				B3EE12621DEC1BE4009A4A32 /* ViewController.m in Sources */,
				B3EE13581DED503B009A4A32 /* GLESMesh.cpp in Sources */,
				B3EE130B1DEC59BE009A4A32 /* XYZGameEngineView.mm in Sources */,
				B3EE125F1DEC1BE4009A4A32 /* AppDelegate.m in Sources */,
				B3EE13451DEC7414009A4A32 /* Object.cpp in Sources */,
				B38581E51E4C4B6200E4F492 /* Image.cpp in Sources */,
				B36B1DC81E4C5E49006FFE86 /* HashTable.cpp in Sources */,
				B36B1DC41E4C530C006FFE86 /* String.cpp in Sources */,
				B3EE132A1DEC64F8009A4A32 /* Frame.cpp in Sources */,
				B3EE13651DED5F3C009A4A32 /* GLESMatrix.cpp in Sources */,
				B3F832181E4C6FE300E55124 /* Number.cpp in Sources */,
				B38581E21E4C4B5700E4F492 /* File.cpp in Sources */,
				B3718A8E1DF543BE000CD5B9 /* Program.cpp in Sources */,
				B3A70B991DF50F7E00BC0216 /* Shape.cpp in Sources */,
				B3EE13461DEC7414009A4A32 /* ReleasePool.cpp in Sources */,
				B3EE12F51DEC54DC009A4A32 /* GLESTexture.cpp in Sources */,
				B3EE13521DED24CB009A4A32 /* TestObject.cpp in Sources */,
				B3EE13491DEC743A009A4A32 /* Array.cpp in Sources */,
				B3718A861DF54164000CD5B9 /* XYZGameDelegate.cpp in Sources */,
				B3EE132E1DEC64F8009A4A32 /* Scene.cpp in Sources */,
				B3EE125C1DEC1BE4009A4A32 /* main.m in Sources */,
				B3EE13111DEC5C36009A4A32 /* GLESBuffer.cpp in Sources */,
				B301C6C61E48157C00039C69 /* Texture.cpp in Sources */,
				B3718A791DF53B05000CD5B9 /* Transform.cpp in Sources */,
				B38581E11E4C4B5700E4F492 /* Data.cpp in Sources */,
				B3EE13371DEC7172009A4A32 /* Mesh.cpp in Sources */,
				B3EE133A1DEC7183009A4A32 /* Conponent.cpp in Sources */,
				B3EE13621DED5AFF009A4A32 /* GLESMath.cpp in Sources */,
				B3EE12881DEC1F45009A4A32 /* GLESProgram.cpp in Sources */,
				B36B1DCB1E4C60FD006FFE86 /* HashNode.cpp in Sources */,
			);
			runOnlyForDeploymentPostprocessing = 0;
		};
		B3EE126C1DEC1BE4009A4A32 /* Sources */ = {
			isa = PBXSourcesBuildPhase;
			buildActionMask = 2147483647;
			files = (
				B3EE12751DEC1BE4009A4A32 /* XYZGameEngineTests.m in Sources */,
				B36B1DCD1E4C68EA006FFE86 /* DictionaryTest.mm in Sources */,
				B3EE134F1DED1AF8009A4A32 /* ArrayTest.mm in Sources */,
				B3718A751DF51789000CD5B9 /* KindOfClassTest.mm in Sources */,
			);
			runOnlyForDeploymentPostprocessing = 0;
		};
/* End PBXSourcesBuildPhase section */

/* Begin PBXTargetDependency section */
		B3EE12721DEC1BE4009A4A32 /* PBXTargetDependency */ = {
			isa = PBXTargetDependency;
			target = B3EE12561DEC1BE4009A4A32 /* XYZGameEngine */;
			targetProxy = B3EE12711DEC1BE4009A4A32 /* PBXContainerItemProxy */;
		};
/* End PBXTargetDependency section */

/* Begin PBXVariantGroup section */
		B3EE12631DEC1BE4009A4A32 /* Main.storyboard */ = {
			isa = PBXVariantGroup;
			children = (
				B3EE12641DEC1BE4009A4A32 /* Base */,
			);
			name = Main.storyboard;
			sourceTree = "<group>";
		};
		B3EE12681DEC1BE4009A4A32 /* LaunchScreen.storyboard */ = {
			isa = PBXVariantGroup;
			children = (
				B3EE12691DEC1BE4009A4A32 /* Base */,
			);
			name = LaunchScreen.storyboard;
			sourceTree = "<group>";
		};
/* End PBXVariantGroup section */

/* Begin XCBuildConfiguration section */
		B3EE12771DEC1BE4009A4A32 /* Debug */ = {
			isa = XCBuildConfiguration;
			buildSettings = {
				ALWAYS_SEARCH_USER_PATHS = NO;
				CLANG_ANALYZER_NONNULL = YES;
				CLANG_CXX_LANGUAGE_STANDARD = "gnu++0x";
				CLANG_CXX_LIBRARY = "libc++";
				CLANG_ENABLE_MODULES = YES;
				CLANG_ENABLE_OBJC_ARC = YES;
				CLANG_WARN_BOOL_CONVERSION = YES;
				CLANG_WARN_CONSTANT_CONVERSION = YES;
				CLANG_WARN_DIRECT_OBJC_ISA_USAGE = YES_ERROR;
				CLANG_WARN_DOCUMENTATION_COMMENTS = YES;
				CLANG_WARN_EMPTY_BODY = YES;
				CLANG_WARN_ENUM_CONVERSION = YES;
				CLANG_WARN_INFINITE_RECURSION = YES;
				CLANG_WARN_INT_CONVERSION = YES;
				CLANG_WARN_OBJC_ROOT_CLASS = YES_ERROR;
				CLANG_WARN_SUSPICIOUS_MOVES = YES;
				CLANG_WARN_UNREACHABLE_CODE = YES;
				CLANG_WARN__DUPLICATE_METHOD_MATCH = YES;
				"CODE_SIGN_IDENTITY[sdk=iphoneos*]" = "iPhone Developer";
				COPY_PHASE_STRIP = NO;
				DEBUG_INFORMATION_FORMAT = dwarf;
				ENABLE_STRICT_OBJC_MSGSEND = YES;
				ENABLE_TESTABILITY = YES;
				GCC_C_LANGUAGE_STANDARD = gnu99;
				GCC_DYNAMIC_NO_PIC = NO;
				GCC_NO_COMMON_BLOCKS = YES;
				GCC_OPTIMIZATION_LEVEL = 0;
				GCC_PREPROCESSOR_DEFINITIONS = (
					"DEBUG=1",
					"$(inherited)",
				);
				GCC_WARN_64_TO_32_BIT_CONVERSION = YES;
				GCC_WARN_ABOUT_RETURN_TYPE = YES_ERROR;
				GCC_WARN_UNDECLARED_SELECTOR = YES;
				GCC_WARN_UNINITIALIZED_AUTOS = YES_AGGRESSIVE;
				GCC_WARN_UNUSED_FUNCTION = YES;
				GCC_WARN_UNUSED_VARIABLE = YES;
				IPHONEOS_DEPLOYMENT_TARGET = 10.0;
				MTL_ENABLE_DEBUG_INFO = YES;
				ONLY_ACTIVE_ARCH = YES;
				SDKROOT = iphoneos;
				TARGETED_DEVICE_FAMILY = "1,2";
			};
			name = Debug;
		};
		B3EE12781DEC1BE4009A4A32 /* Release */ = {
			isa = XCBuildConfiguration;
			buildSettings = {
				ALWAYS_SEARCH_USER_PATHS = NO;
				CLANG_ANALYZER_NONNULL = YES;
				CLANG_CXX_LANGUAGE_STANDARD = "gnu++0x";
				CLANG_CXX_LIBRARY = "libc++";
				CLANG_ENABLE_MODULES = YES;
				CLANG_ENABLE_OBJC_ARC = YES;
				CLANG_WARN_BOOL_CONVERSION = YES;
				CLANG_WARN_CONSTANT_CONVERSION = YES;
				CLANG_WARN_DIRECT_OBJC_ISA_USAGE = YES_ERROR;
				CLANG_WARN_DOCUMENTATION_COMMENTS = YES;
				CLANG_WARN_EMPTY_BODY = YES;
				CLANG_WARN_ENUM_CONVERSION = YES;
				CLANG_WARN_INFINITE_RECURSION = YES;
				CLANG_WARN_INT_CONVERSION = YES;
				CLANG_WARN_OBJC_ROOT_CLASS = YES_ERROR;
				CLANG_WARN_SUSPICIOUS_MOVES = YES;
				CLANG_WARN_UNREACHABLE_CODE = YES;
				CLANG_WARN__DUPLICATE_METHOD_MATCH = YES;
				"CODE_SIGN_IDENTITY[sdk=iphoneos*]" = "iPhone Developer";
				COPY_PHASE_STRIP = NO;
				DEBUG_INFORMATION_FORMAT = "dwarf-with-dsym";
				ENABLE_NS_ASSERTIONS = NO;
				ENABLE_STRICT_OBJC_MSGSEND = YES;
				GCC_C_LANGUAGE_STANDARD = gnu99;
				GCC_NO_COMMON_BLOCKS = YES;
				GCC_WARN_64_TO_32_BIT_CONVERSION = YES;
				GCC_WARN_ABOUT_RETURN_TYPE = YES_ERROR;
				GCC_WARN_UNDECLARED_SELECTOR = YES;
				GCC_WARN_UNINITIALIZED_AUTOS = YES_AGGRESSIVE;
				GCC_WARN_UNUSED_FUNCTION = YES;
				GCC_WARN_UNUSED_VARIABLE = YES;
				IPHONEOS_DEPLOYMENT_TARGET = 10.0;
				MTL_ENABLE_DEBUG_INFO = NO;
				SDKROOT = iphoneos;
				TARGETED_DEVICE_FAMILY = "1,2";
				VALIDATE_PRODUCT = YES;
			};
			name = Release;
		};
		B3EE127A1DEC1BE4009A4A32 /* Debug */ = {
			isa = XCBuildConfiguration;
			buildSettings = {
				ASSETCATALOG_COMPILER_APPICON_NAME = AppIcon;
				CLANG_CXX_LANGUAGE_STANDARD = "gnu++0x";
				DEVELOPMENT_TEAM = S8NDN9759A;
				GCC_C_LANGUAGE_STANDARD = gnu99;
				INFOPLIST_FILE = XYZGameEngine/Info.plist;
				IPHONEOS_DEPLOYMENT_TARGET = 7.0;
				LD_RUNPATH_SEARCH_PATHS = "$(inherited) @executable_path/Frameworks";
				LIBRARY_SEARCH_PATHS = (
					"$(inherited)",
					"$(PROJECT_DIR)/XYZGameEngine/Engine/Base/FileIO/Image/JPEG/lib",
					"$(PROJECT_DIR)/XYZGameEngine/Engine/Base/FileIO/Image/PNG/lib",
					"$(PROJECT_DIR)/XYZGameEngine/Engine/Base/FileIO/Image/WEBP/lib",
				);
				PRODUCT_BUNDLE_IDENTIFIER = cocos.demo.xyz.XYZGameEngine;
				PRODUCT_NAME = "$(TARGET_NAME)";
			};
			name = Debug;
		};
		B3EE127B1DEC1BE4009A4A32 /* Release */ = {
			isa = XCBuildConfiguration;
			buildSettings = {
				ASSETCATALOG_COMPILER_APPICON_NAME = AppIcon;
				CLANG_CXX_LANGUAGE_STANDARD = "gnu++0x";
				DEVELOPMENT_TEAM = S8NDN9759A;
				GCC_C_LANGUAGE_STANDARD = gnu99;
				INFOPLIST_FILE = XYZGameEngine/Info.plist;
				IPHONEOS_DEPLOYMENT_TARGET = 7.0;
				LD_RUNPATH_SEARCH_PATHS = "$(inherited) @executable_path/Frameworks";
				LIBRARY_SEARCH_PATHS = (
					"$(inherited)",
					"$(PROJECT_DIR)/XYZGameEngine/Engine/Base/FileIO/Image/JPEG/lib",
					"$(PROJECT_DIR)/XYZGameEngine/Engine/Base/FileIO/Image/PNG/lib",
					"$(PROJECT_DIR)/XYZGameEngine/Engine/Base/FileIO/Image/WEBP/lib",
				);
				PRODUCT_BUNDLE_IDENTIFIER = cocos.demo.xyz.XYZGameEngine;
				PRODUCT_NAME = "$(TARGET_NAME)";
			};
			name = Release;
		};
		B3EE127D1DEC1BE4009A4A32 /* Debug */ = {
			isa = XCBuildConfiguration;
			buildSettings = {
				BUNDLE_LOADER = "$(TEST_HOST)";
				DEVELOPMENT_TEAM = S8NDN9759A;
				INFOPLIST_FILE = XYZGameEngineTests/Info.plist;
				LD_RUNPATH_SEARCH_PATHS = "$(inherited) @executable_path/Frameworks @loader_path/Frameworks";
				PRODUCT_BUNDLE_IDENTIFIER = cocos.demo.xyz.XYZGameEngineTests;
				PRODUCT_NAME = "$(TARGET_NAME)";
				TEST_HOST = "$(BUILT_PRODUCTS_DIR)/XYZGameEngine.app/XYZGameEngine";
			};
			name = Debug;
		};
		B3EE127E1DEC1BE4009A4A32 /* Release */ = {
			isa = XCBuildConfiguration;
			buildSettings = {
				BUNDLE_LOADER = "$(TEST_HOST)";
				DEVELOPMENT_TEAM = S8NDN9759A;
				INFOPLIST_FILE = XYZGameEngineTests/Info.plist;
				LD_RUNPATH_SEARCH_PATHS = "$(inherited) @executable_path/Frameworks @loader_path/Frameworks";
				PRODUCT_BUNDLE_IDENTIFIER = cocos.demo.xyz.XYZGameEngineTests;
				PRODUCT_NAME = "$(TARGET_NAME)";
				TEST_HOST = "$(BUILT_PRODUCTS_DIR)/XYZGameEngine.app/XYZGameEngine";
			};
			name = Release;
		};
/* End XCBuildConfiguration section */

/* Begin XCConfigurationList section */
		B3EE12521DEC1BE4009A4A32 /* Build configuration list for PBXProject "XYZGameEngine" */ = {
			isa = XCConfigurationList;
			buildConfigurations = (
				B3EE12771DEC1BE4009A4A32 /* Debug */,
				B3EE12781DEC1BE4009A4A32 /* Release */,
			);
			defaultConfigurationIsVisible = 0;
			defaultConfigurationName = Release;
		};
		B3EE12791DEC1BE4009A4A32 /* Build configuration list for PBXNativeTarget "XYZGameEngine" */ = {
			isa = XCConfigurationList;
			buildConfigurations = (
				B3EE127A1DEC1BE4009A4A32 /* Debug */,
				B3EE127B1DEC1BE4009A4A32 /* Release */,
			);
			defaultConfigurationIsVisible = 0;
			defaultConfigurationName = Release;
		};
		B3EE127C1DEC1BE4009A4A32 /* Build configuration list for PBXNativeTarget "XYZGameEngineTests" */ = {
			isa = XCConfigurationList;
			buildConfigurations = (
				B3EE127D1DEC1BE4009A4A32 /* Debug */,
				B3EE127E1DEC1BE4009A4A32 /* Release */,
			);
			defaultConfigurationIsVisible = 0;
			defaultConfigurationName = Release;
		};
/* End XCConfigurationList section */
	};
	rootObject = B3EE124F1DEC1BE4009A4A32 /* Project object */;
}
